// !$*UTF8*$!
{
	archiveVersion = 1;
	classes = {
	};
	objectVersion = 56;
	objects = {

/* Begin PBXBuildFile section */
		F4927DF52CA5FE80009D1E46 /* AppDelegate.swift in Sources */ = {isa = PBXBuildFile; fileRef = F4927DF42CA5FE80009D1E46 /* AppDelegate.swift */; };
		F4927DF72CA5FE80009D1E46 /* SceneDelegate.swift in Sources */ = {isa = PBXBuildFile; fileRef = F4927DF62CA5FE80009D1E46 /* SceneDelegate.swift */; };
		F4927DFC2CA5FE80009D1E46 /* Base in Resources */ = {isa = PBXBuildFile; fileRef = F4927DFB2CA5FE80009D1E46 /* Base */; };
		F4927DFF2CA5FE80009D1E46 /* banquemisr_challenge05__.xcdatamodeld in Sources */ = {isa = PBXBuildFile; fileRef = F4927DFD2CA5FE80009D1E46 /* banquemisr_challenge05__.xcdatamodeld */; };
		F4927E012CA5FE80009D1E46 /* Assets.xcassets in Resources */ = {isa = PBXBuildFile; fileRef = F4927E002CA5FE80009D1E46 /* Assets.xcassets */; };
		F4927E042CA5FE80009D1E46 /* Base in Resources */ = {isa = PBXBuildFile; fileRef = F4927E032CA5FE80009D1E46 /* Base */; };
		F4927E0F2CA5FE81009D1E46 /* banquemisr_challenge05__Tests.swift in Sources */ = {isa = PBXBuildFile; fileRef = F4927E0E2CA5FE81009D1E46 /* banquemisr_challenge05__Tests.swift */; };
		F4927E192CA5FE81009D1E46 /* banquemisr_challenge05__UITests.swift in Sources */ = {isa = PBXBuildFile; fileRef = F4927E182CA5FE81009D1E46 /* banquemisr_challenge05__UITests.swift */; };
		F4927E1B2CA5FE81009D1E46 /* banquemisr_challenge05__UITestsLaunchTests.swift in Sources */ = {isa = PBXBuildFile; fileRef = F4927E1A2CA5FE81009D1E46 /* banquemisr_challenge05__UITestsLaunchTests.swift */; };
		F4927E292CA5FEFC009D1E46 /* NetworkManager.swift in Sources */ = {isa = PBXBuildFile; fileRef = F4927E282CA5FEFC009D1E46 /* NetworkManager.swift */; };
		F4927E2C2CA602C2009D1E46 /* Movie.swift in Sources */ = {isa = PBXBuildFile; fileRef = F4927E2B2CA602C2009D1E46 /* Movie.swift */; };
		F4DF6CD02CA6E71100DE5214 /* MovieTableViewCell.swift in Sources */ = {isa = PBXBuildFile; fileRef = F4DF6CCE2CA6E71100DE5214 /* MovieTableViewCell.swift */; };
		F4DF6CD12CA6E71100DE5214 /* MovieTableViewCell.xib in Resources */ = {isa = PBXBuildFile; fileRef = F4DF6CCF2CA6E71100DE5214 /* MovieTableViewCell.xib */; };
		F4DF6CD42CA71E6500DE5214 /* CustomViews.swift in Sources */ = {isa = PBXBuildFile; fileRef = F4DF6CD32CA71E6500DE5214 /* CustomViews.swift */; };
		F4DF6CD82CA7210E00DE5214 /* ListScreenViewModel.swift in Sources */ = {isa = PBXBuildFile; fileRef = F4DF6CD72CA7210E00DE5214 /* ListScreenViewModel.swift */; };
		F4DF6CDF2CA7692100DE5214 /* MovieDetailsTableViewController.swift in Sources */ = {isa = PBXBuildFile; fileRef = F4DF6CDE2CA7692100DE5214 /* MovieDetailsTableViewController.swift */; };
		F4DF6CE12CA81DF400DE5214 /* MovieDetailsViewModel.swift in Sources */ = {isa = PBXBuildFile; fileRef = F4DF6CE02CA81DF400DE5214 /* MovieDetailsViewModel.swift */; };
		F4F9064F2CA8A25B00CEA7A0 /* ImageCache.swift in Sources */ = {isa = PBXBuildFile; fileRef = F4F9064E2CA8A25A00CEA7A0 /* ImageCache.swift */; };
		F4FB52D32CA6DD1D00AC43F8 /* ListScreenViewController.swift in Sources */ = {isa = PBXBuildFile; fileRef = F4FB52D22CA6DD1D00AC43F8 /* ListScreenViewController.swift */; };
/* End PBXBuildFile section */

/* Begin PBXContainerItemProxy section */
		F4927E0B2CA5FE81009D1E46 /* PBXContainerItemProxy */ = {
			isa = PBXContainerItemProxy;
			containerPortal = F4927DE92CA5FE80009D1E46 /* Project object */;
			proxyType = 1;
			remoteGlobalIDString = F4927DF02CA5FE80009D1E46;
			remoteInfo = "banquemisr.challenge05.*";
		};
		F4927E152CA5FE81009D1E46 /* PBXContainerItemProxy */ = {
			isa = PBXContainerItemProxy;
			containerPortal = F4927DE92CA5FE80009D1E46 /* Project object */;
			proxyType = 1;
			remoteGlobalIDString = F4927DF02CA5FE80009D1E46;
			remoteInfo = "banquemisr.challenge05.*";
		};
/* End PBXContainerItemProxy section */

/* Begin PBXFileReference section */
		F4927DF12CA5FE80009D1E46 /* banquemisr.challenge05.*.app */ = {isa = PBXFileReference; explicitFileType = wrapper.application; includeInIndex = 0; path = "banquemisr.challenge05.*.app"; sourceTree = BUILT_PRODUCTS_DIR; };
		F4927DF42CA5FE80009D1E46 /* AppDelegate.swift */ = {isa = PBXFileReference; lastKnownFileType = sourcecode.swift; path = AppDelegate.swift; sourceTree = "<group>"; };
		F4927DF62CA5FE80009D1E46 /* SceneDelegate.swift */ = {isa = PBXFileReference; lastKnownFileType = sourcecode.swift; path = SceneDelegate.swift; sourceTree = "<group>"; };
		F4927DFB2CA5FE80009D1E46 /* Base */ = {isa = PBXFileReference; lastKnownFileType = file.storyboard; name = Base; path = Base.lproj/Main.storyboard; sourceTree = "<group>"; };
		F4927DFE2CA5FE80009D1E46 /* banquemisr_challenge05__.xcdatamodel */ = {isa = PBXFileReference; lastKnownFileType = wrapper.xcdatamodel; path = banquemisr_challenge05__.xcdatamodel; sourceTree = "<group>"; };
		F4927E002CA5FE80009D1E46 /* Assets.xcassets */ = {isa = PBXFileReference; lastKnownFileType = folder.assetcatalog; path = Assets.xcassets; sourceTree = "<group>"; };
		F4927E032CA5FE80009D1E46 /* Base */ = {isa = PBXFileReference; lastKnownFileType = file.storyboard; name = Base; path = Base.lproj/LaunchScreen.storyboard; sourceTree = "<group>"; };
		F4927E052CA5FE80009D1E46 /* Info.plist */ = {isa = PBXFileReference; lastKnownFileType = text.plist.xml; path = Info.plist; sourceTree = "<group>"; };
		F4927E0A2CA5FE81009D1E46 /* banquemisr.challenge05.*Tests.xctest */ = {isa = PBXFileReference; explicitFileType = wrapper.cfbundle; includeInIndex = 0; path = "banquemisr.challenge05.*Tests.xctest"; sourceTree = BUILT_PRODUCTS_DIR; };
		F4927E0E2CA5FE81009D1E46 /* banquemisr_challenge05__Tests.swift */ = {isa = PBXFileReference; lastKnownFileType = sourcecode.swift; path = banquemisr_challenge05__Tests.swift; sourceTree = "<group>"; };
		F4927E142CA5FE81009D1E46 /* banquemisr.challenge05.*UITests.xctest */ = {isa = PBXFileReference; explicitFileType = wrapper.cfbundle; includeInIndex = 0; path = "banquemisr.challenge05.*UITests.xctest"; sourceTree = BUILT_PRODUCTS_DIR; };
		F4927E182CA5FE81009D1E46 /* banquemisr_challenge05__UITests.swift */ = {isa = PBXFileReference; lastKnownFileType = sourcecode.swift; path = banquemisr_challenge05__UITests.swift; sourceTree = "<group>"; };
		F4927E1A2CA5FE81009D1E46 /* banquemisr_challenge05__UITestsLaunchTests.swift */ = {isa = PBXFileReference; lastKnownFileType = sourcecode.swift; path = banquemisr_challenge05__UITestsLaunchTests.swift; sourceTree = "<group>"; };
		F4927E282CA5FEFC009D1E46 /* NetworkManager.swift */ = {isa = PBXFileReference; lastKnownFileType = sourcecode.swift; path = NetworkManager.swift; sourceTree = "<group>"; };
		F4927E2B2CA602C2009D1E46 /* Movie.swift */ = {isa = PBXFileReference; lastKnownFileType = sourcecode.swift; path = Movie.swift; sourceTree = "<group>"; };
		F4DF6CCE2CA6E71100DE5214 /* MovieTableViewCell.swift */ = {isa = PBXFileReference; lastKnownFileType = sourcecode.swift; path = MovieTableViewCell.swift; sourceTree = "<group>"; };
		F4DF6CCF2CA6E71100DE5214 /* MovieTableViewCell.xib */ = {isa = PBXFileReference; lastKnownFileType = file.xib; path = MovieTableViewCell.xib; sourceTree = "<group>"; };
		F4DF6CD32CA71E6500DE5214 /* CustomViews.swift */ = {isa = PBXFileReference; lastKnownFileType = sourcecode.swift; path = CustomViews.swift; sourceTree = "<group>"; };
		F4DF6CD72CA7210E00DE5214 /* ListScreenViewModel.swift */ = {isa = PBXFileReference; lastKnownFileType = sourcecode.swift; path = ListScreenViewModel.swift; sourceTree = "<group>"; };
		F4DF6CDE2CA7692100DE5214 /* MovieDetailsTableViewController.swift */ = {isa = PBXFileReference; lastKnownFileType = sourcecode.swift; path = MovieDetailsTableViewController.swift; sourceTree = "<group>"; };
		F4DF6CE02CA81DF400DE5214 /* MovieDetailsViewModel.swift */ = {isa = PBXFileReference; lastKnownFileType = sourcecode.swift; path = MovieDetailsViewModel.swift; sourceTree = "<group>"; };
		F4F9064E2CA8A25A00CEA7A0 /* ImageCache.swift */ = {isa = PBXFileReference; lastKnownFileType = sourcecode.swift; path = ImageCache.swift; sourceTree = "<group>"; };
		F4FB52D22CA6DD1D00AC43F8 /* ListScreenViewController.swift */ = {isa = PBXFileReference; lastKnownFileType = sourcecode.swift; path = ListScreenViewController.swift; sourceTree = "<group>"; };
/* End PBXFileReference section */

/* Begin PBXFrameworksBuildPhase section */
		F4927DEE2CA5FE80009D1E46 /* Frameworks */ = {
			isa = PBXFrameworksBuildPhase;
			buildActionMask = 2147483647;
			files = (
			);
			runOnlyForDeploymentPostprocessing = 0;
		};
		F4927E072CA5FE81009D1E46 /* Frameworks */ = {
			isa = PBXFrameworksBuildPhase;
			buildActionMask = 2147483647;
			files = (
			);
			runOnlyForDeploymentPostprocessing = 0;
		};
		F4927E112CA5FE81009D1E46 /* Frameworks */ = {
			isa = PBXFrameworksBuildPhase;
			buildActionMask = 2147483647;
			files = (
			);
			runOnlyForDeploymentPostprocessing = 0;
		};
/* End PBXFrameworksBuildPhase section */

/* Begin PBXGroup section */
		F4927DE82CA5FE80009D1E46 = {
			isa = PBXGroup;
			children = (
				F4927DF32CA5FE80009D1E46 /* banquemisr.challenge05.* */,
				F4927E0D2CA5FE81009D1E46 /* banquemisr.challenge05.*Tests */,
				F4927E172CA5FE81009D1E46 /* banquemisr.challenge05.*UITests */,
				F4927DF22CA5FE80009D1E46 /* Products */,
			);
			sourceTree = "<group>";
		};
		F4927DF22CA5FE80009D1E46 /* Products */ = {
			isa = PBXGroup;
			children = (
				F4927DF12CA5FE80009D1E46 /* banquemisr.challenge05.*.app */,
				F4927E0A2CA5FE81009D1E46 /* banquemisr.challenge05.*Tests.xctest */,
				F4927E142CA5FE81009D1E46 /* banquemisr.challenge05.*UITests.xctest */,
			);
			name = Products;
			sourceTree = "<group>";
		};
		F4927DF32CA5FE80009D1E46 /* banquemisr.challenge05.* */ = {
			isa = PBXGroup;
			children = (
				F4927E2A2CA602B0009D1E46 /* Models */,
				F4927E272CA5FED5009D1E46 /* Network */,
				F4FB52CE2CA6DCC100AC43F8 /* Modules */,
				F4927DF42CA5FE80009D1E46 /* AppDelegate.swift */,
				F4927DF62CA5FE80009D1E46 /* SceneDelegate.swift */,
				F4927DFA2CA5FE80009D1E46 /* Main.storyboard */,
				F4927E002CA5FE80009D1E46 /* Assets.xcassets */,
				F4927E022CA5FE80009D1E46 /* LaunchScreen.storyboard */,
				F4927E052CA5FE80009D1E46 /* Info.plist */,
				F4927DFD2CA5FE80009D1E46 /* banquemisr_challenge05__.xcdatamodeld */,
			);
			path = "banquemisr.challenge05.*";
			sourceTree = "<group>";
		};
		F4927E0D2CA5FE81009D1E46 /* banquemisr.challenge05.*Tests */ = {
			isa = PBXGroup;
			children = (
				F4927E0E2CA5FE81009D1E46 /* banquemisr_challenge05__Tests.swift */,
			);
			path = "banquemisr.challenge05.*Tests";
			sourceTree = "<group>";
		};
		F4927E172CA5FE81009D1E46 /* banquemisr.challenge05.*UITests */ = {
			isa = PBXGroup;
			children = (
				F4927E182CA5FE81009D1E46 /* banquemisr_challenge05__UITests.swift */,
				F4927E1A2CA5FE81009D1E46 /* banquemisr_challenge05__UITestsLaunchTests.swift */,
			);
			path = "banquemisr.challenge05.*UITests";
			sourceTree = "<group>";
		};
		F4927E272CA5FED5009D1E46 /* Network */ = {
			isa = PBXGroup;
			children = (
				F4927E282CA5FEFC009D1E46 /* NetworkManager.swift */,
			);
			path = Network;
			sourceTree = "<group>";
		};
		F4927E2A2CA602B0009D1E46 /* Models */ = {
			isa = PBXGroup;
			children = (
				F4927E2B2CA602C2009D1E46 /* Movie.swift */,
				F4F9064E2CA8A25A00CEA7A0 /* ImageCache.swift */,
			);
			path = Models;
			sourceTree = "<group>";
		};
		F4DF6CD22CA71E4000DE5214 /* customViews */ = {
			isa = PBXGroup;
			children = (
				F4DF6CD32CA71E6500DE5214 /* CustomViews.swift */,
			);
			path = customViews;
			sourceTree = "<group>";
		};
		F4DF6CD62CA7205C00DE5214 /* movieCell */ = {
			isa = PBXGroup;
			children = (
				F4DF6CCE2CA6E71100DE5214 /* MovieTableViewCell.swift */,
				F4DF6CCF2CA6E71100DE5214 /* MovieTableViewCell.xib */,
			);
			path = movieCell;
			sourceTree = "<group>";
		};
		F4DF6CD92CA73E1700DE5214 /* DetailScreen */ = {
			isa = PBXGroup;
			children = (
				F4DF6CDB2CA73E7100DE5214 /* viewModel */,
				F4DF6CDA2CA73E6500DE5214 /* view */,
			);
			path = DetailScreen;
			sourceTree = "<group>";
		};
		F4DF6CDA2CA73E6500DE5214 /* view */ = {
			isa = PBXGroup;
			children = (
				F4DF6CDE2CA7692100DE5214 /* MovieDetailsTableViewController.swift */,
			);
			path = view;
			sourceTree = "<group>";
		};
		F4DF6CDB2CA73E7100DE5214 /* viewModel */ = {
			isa = PBXGroup;
			children = (
				F4DF6CE02CA81DF400DE5214 /* MovieDetailsViewModel.swift */,
			);
			path = viewModel;
			sourceTree = "<group>";
		};
		F4FB52CE2CA6DCC100AC43F8 /* Modules */ = {
			isa = PBXGroup;
			children = (
				F4DF6CD92CA73E1700DE5214 /* DetailScreen */,
				F4FB52CF2CA6DCD000AC43F8 /* ListScreen */,
			);
			path = Modules;
			sourceTree = "<group>";
		};
		F4FB52CF2CA6DCD000AC43F8 /* ListScreen */ = {
			isa = PBXGroup;
			children = (
				F4FB52D12CA6DCF200AC43F8 /* viewModel */,
				F4FB52D02CA6DCEC00AC43F8 /* view */,
			);
			path = ListScreen;
			sourceTree = "<group>";
		};
		F4FB52D02CA6DCEC00AC43F8 /* view */ = {
			isa = PBXGroup;
			children = (
				F4DF6CD62CA7205C00DE5214 /* movieCell */,
				F4DF6CD22CA71E4000DE5214 /* customViews */,
				F4FB52D22CA6DD1D00AC43F8 /* ListScreenViewController.swift */,
			);
			path = view;
			sourceTree = "<group>";
		};
		F4FB52D12CA6DCF200AC43F8 /* viewModel */ = {
			isa = PBXGroup;
			children = (
				F4DF6CD72CA7210E00DE5214 /* ListScreenViewModel.swift */,
			);
			path = viewModel;
			sourceTree = "<group>";
		};
/* End PBXGroup section */

/* Begin PBXNativeTarget section */
		F4927DF02CA5FE80009D1E46 /* banquemisr.challenge05.* */ = {
			isa = PBXNativeTarget;
			buildConfigurationList = F4927E1E2CA5FE81009D1E46 /* Build configuration list for PBXNativeTarget "banquemisr.challenge05.*" */;
			buildPhases = (
				F4927DED2CA5FE80009D1E46 /* Sources */,
				F4927DEE2CA5FE80009D1E46 /* Frameworks */,
				F4927DEF2CA5FE80009D1E46 /* Resources */,
			);
			buildRules = (
			);
			dependencies = (
			);
			name = "banquemisr.challenge05.*";
			productName = "banquemisr.challenge05.*";
			productReference = F4927DF12CA5FE80009D1E46 /* banquemisr.challenge05.*.app */;
			productType = "com.apple.product-type.application";
		};
		F4927E092CA5FE81009D1E46 /* banquemisr.challenge05.*Tests */ = {
			isa = PBXNativeTarget;
			buildConfigurationList = F4927E212CA5FE81009D1E46 /* Build configuration list for PBXNativeTarget "banquemisr.challenge05.*Tests" */;
			buildPhases = (
				F4927E062CA5FE81009D1E46 /* Sources */,
				F4927E072CA5FE81009D1E46 /* Frameworks */,
				F4927E082CA5FE81009D1E46 /* Resources */,
			);
			buildRules = (
			);
			dependencies = (
				F4927E0C2CA5FE81009D1E46 /* PBXTargetDependency */,
			);
			name = "banquemisr.challenge05.*Tests";
			productName = "banquemisr.challenge05.*Tests";
			productReference = F4927E0A2CA5FE81009D1E46 /* banquemisr.challenge05.*Tests.xctest */;
			productType = "com.apple.product-type.bundle.unit-test";
		};
		F4927E132CA5FE81009D1E46 /* banquemisr.challenge05.*UITests */ = {
			isa = PBXNativeTarget;
			buildConfigurationList = F4927E242CA5FE81009D1E46 /* Build configuration list for PBXNativeTarget "banquemisr.challenge05.*UITests" */;
			buildPhases = (
				F4927E102CA5FE81009D1E46 /* Sources */,
				F4927E112CA5FE81009D1E46 /* Frameworks */,
				F4927E122CA5FE81009D1E46 /* Resources */,
			);
			buildRules = (
			);
			dependencies = (
				F4927E162CA5FE81009D1E46 /* PBXTargetDependency */,
			);
			name = "banquemisr.challenge05.*UITests";
			productName = "banquemisr.challenge05.*UITests";
			productReference = F4927E142CA5FE81009D1E46 /* banquemisr.challenge05.*UITests.xctest */;
			productType = "com.apple.product-type.bundle.ui-testing";
		};
/* End PBXNativeTarget section */

/* Begin PBXProject section */
		F4927DE92CA5FE80009D1E46 /* Project object */ = {
			isa = PBXProject;
			attributes = {
				BuildIndependentTargetsInParallel = 1;
				LastSwiftUpdateCheck = 1540;
				LastUpgradeCheck = 1540;
				TargetAttributes = {
					F4927DF02CA5FE80009D1E46 = {
						CreatedOnToolsVersion = 15.4;
					};
					F4927E092CA5FE81009D1E46 = {
						CreatedOnToolsVersion = 15.4;
						TestTargetID = F4927DF02CA5FE80009D1E46;
					};
					F4927E132CA5FE81009D1E46 = {
						CreatedOnToolsVersion = 15.4;
						TestTargetID = F4927DF02CA5FE80009D1E46;
					};
				};
			};
			buildConfigurationList = F4927DEC2CA5FE80009D1E46 /* Build configuration list for PBXProject "banquemisr.challenge05.*" */;
			compatibilityVersion = "Xcode 14.0";
			developmentRegion = en;
			hasScannedForEncodings = 0;
			knownRegions = (
				en,
				Base,
			);
			mainGroup = F4927DE82CA5FE80009D1E46;
			productRefGroup = F4927DF22CA5FE80009D1E46 /* Products */;
			projectDirPath = "";
			projectRoot = "";
			targets = (
				F4927DF02CA5FE80009D1E46 /* banquemisr.challenge05.* */,
				F4927E092CA5FE81009D1E46 /* banquemisr.challenge05.*Tests */,
				F4927E132CA5FE81009D1E46 /* banquemisr.challenge05.*UITests */,
			);
		};
/* End PBXProject section */

/* Begin PBXResourcesBuildPhase section */
		F4927DEF2CA5FE80009D1E46 /* Resources */ = {
			isa = PBXResourcesBuildPhase;
			buildActionMask = 2147483647;
			files = (
				F4927E012CA5FE80009D1E46 /* Assets.xcassets in Resources */,
				F4927E042CA5FE80009D1E46 /* Base in Resources */,
				F4DF6CD12CA6E71100DE5214 /* MovieTableViewCell.xib in Resources */,
				F4927DFC2CA5FE80009D1E46 /* Base in Resources */,
			);
			runOnlyForDeploymentPostprocessing = 0;
		};
		F4927E082CA5FE81009D1E46 /* Resources */ = {
			isa = PBXResourcesBuildPhase;
			buildActionMask = 2147483647;
			files = (
			);
			runOnlyForDeploymentPostprocessing = 0;
		};
		F4927E122CA5FE81009D1E46 /* Resources */ = {
			isa = PBXResourcesBuildPhase;
			buildActionMask = 2147483647;
			files = (
			);
			runOnlyForDeploymentPostprocessing = 0;
		};
/* End PBXResourcesBuildPhase section */

/* Begin PBXSourcesBuildPhase section */
		F4927DED2CA5FE80009D1E46 /* Sources */ = {
			isa = PBXSourcesBuildPhase;
			buildActionMask = 2147483647;
			files = (
				F4DF6CD42CA71E6500DE5214 /* CustomViews.swift in Sources */,
				F4DF6CD82CA7210E00DE5214 /* ListScreenViewModel.swift in Sources */,
				F4F9064F2CA8A25B00CEA7A0 /* ImageCache.swift in Sources */,
				F4927DFF2CA5FE80009D1E46 /* banquemisr_challenge05__.xcdatamodeld in Sources */,
				F4FB52D32CA6DD1D00AC43F8 /* ListScreenViewController.swift in Sources */,
				F4927E2C2CA602C2009D1E46 /* Movie.swift in Sources */,
				F4DF6CE12CA81DF400DE5214 /* MovieDetailsViewModel.swift in Sources */,
				F4927E292CA5FEFC009D1E46 /* NetworkManager.swift in Sources */,
				F4927DF52CA5FE80009D1E46 /* AppDelegate.swift in Sources */,
				F4DF6CDF2CA7692100DE5214 /* MovieDetailsTableViewController.swift in Sources */,
				F4DF6CD02CA6E71100DE5214 /* MovieTableViewCell.swift in Sources */,
				F4927DF72CA5FE80009D1E46 /* SceneDelegate.swift in Sources */,
			);
			runOnlyForDeploymentPostprocessing = 0;
		};
		F4927E062CA5FE81009D1E46 /* Sources */ = {
			isa = PBXSourcesBuildPhase;
			buildActionMask = 2147483647;
			files = (
				F4927E0F2CA5FE81009D1E46 /* banquemisr_challenge05__Tests.swift in Sources */,
			);
			runOnlyForDeploymentPostprocessing = 0;
		};
		F4927E102CA5FE81009D1E46 /* Sources */ = {
			isa = PBXSourcesBuildPhase;
			buildActionMask = 2147483647;
			files = (
				F4927E1B2CA5FE81009D1E46 /* banquemisr_challenge05__UITestsLaunchTests.swift in Sources */,
				F4927E192CA5FE81009D1E46 /* banquemisr_challenge05__UITests.swift in Sources */,
			);
			runOnlyForDeploymentPostprocessing = 0;
		};
/* End PBXSourcesBuildPhase section */

/* Begin PBXTargetDependency section */
		F4927E0C2CA5FE81009D1E46 /* PBXTargetDependency */ = {
			isa = PBXTargetDependency;
			target = F4927DF02CA5FE80009D1E46 /* banquemisr.challenge05.* */;
			targetProxy = F4927E0B2CA5FE81009D1E46 /* PBXContainerItemProxy */;
		};
		F4927E162CA5FE81009D1E46 /* PBXTargetDependency */ = {
			isa = PBXTargetDependency;
			target = F4927DF02CA5FE80009D1E46 /* banquemisr.challenge05.* */;
			targetProxy = F4927E152CA5FE81009D1E46 /* PBXContainerItemProxy */;
		};
/* End PBXTargetDependency section */

/* Begin PBXVariantGroup section */
		F4927DFA2CA5FE80009D1E46 /* Main.storyboard */ = {
			isa = PBXVariantGroup;
			children = (
				F4927DFB2CA5FE80009D1E46 /* Base */,
			);
			name = Main.storyboard;
			sourceTree = "<group>";
		};
		F4927E022CA5FE80009D1E46 /* LaunchScreen.storyboard */ = {
			isa = PBXVariantGroup;
			children = (
				F4927E032CA5FE80009D1E46 /* Base */,
			);
			name = LaunchScreen.storyboard;
			sourceTree = "<group>";
		};
/* End PBXVariantGroup section */

/* Begin XCBuildConfiguration section */
		F4927E1C2CA5FE81009D1E46 /* Debug */ = {
			isa = XCBuildConfiguration;
			buildSettings = {
				ALWAYS_SEARCH_USER_PATHS = NO;
				ASSETCATALOG_COMPILER_GENERATE_SWIFT_ASSET_SYMBOL_EXTENSIONS = YES;
				CLANG_ANALYZER_NONNULL = YES;
				CLANG_ANALYZER_NUMBER_OBJECT_CONVERSION = YES_AGGRESSIVE;
				CLANG_CXX_LANGUAGE_STANDARD = "gnu++20";
				CLANG_ENABLE_MODULES = YES;
				CLANG_ENABLE_OBJC_ARC = YES;
				CLANG_ENABLE_OBJC_WEAK = YES;
				CLANG_WARN_BLOCK_CAPTURE_AUTORELEASING = YES;
				CLANG_WARN_BOOL_CONVERSION = YES;
				CLANG_WARN_COMMA = YES;
				CLANG_WARN_CONSTANT_CONVERSION = YES;
				CLANG_WARN_DEPRECATED_OBJC_IMPLEMENTATIONS = YES;
				CLANG_WARN_DIRECT_OBJC_ISA_USAGE = YES_ERROR;
				CLANG_WARN_DOCUMENTATION_COMMENTS = YES;
				CLANG_WARN_EMPTY_BODY = YES;
				CLANG_WARN_ENUM_CONVERSION = YES;
				CLANG_WARN_INFINITE_RECURSION = YES;
				CLANG_WARN_INT_CONVERSION = YES;
				CLANG_WARN_NON_LITERAL_NULL_CONVERSION = YES;
				CLANG_WARN_OBJC_IMPLICIT_RETAIN_SELF = YES;
				CLANG_WARN_OBJC_LITERAL_CONVERSION = YES;
				CLANG_WARN_OBJC_ROOT_CLASS = YES_ERROR;
				CLANG_WARN_QUOTED_INCLUDE_IN_FRAMEWORK_HEADER = YES;
				CLANG_WARN_RANGE_LOOP_ANALYSIS = YES;
				CLANG_WARN_STRICT_PROTOTYPES = YES;
				CLANG_WARN_SUSPICIOUS_MOVE = YES;
				CLANG_WARN_UNGUARDED_AVAILABILITY = YES_AGGRESSIVE;
				CLANG_WARN_UNREACHABLE_CODE = YES;
				CLANG_WARN__DUPLICATE_METHOD_MATCH = YES;
				COPY_PHASE_STRIP = NO;
				DEBUG_INFORMATION_FORMAT = dwarf;
				ENABLE_STRICT_OBJC_MSGSEND = YES;
				ENABLE_TESTABILITY = YES;
				ENABLE_USER_SCRIPT_SANDBOXING = YES;
				GCC_C_LANGUAGE_STANDARD = gnu17;
				GCC_DYNAMIC_NO_PIC = NO;
				GCC_NO_COMMON_BLOCKS = YES;
				GCC_OPTIMIZATION_LEVEL = 0;
				GCC_PREPROCESSOR_DEFINITIONS = (
					"DEBUG=1",
					"$(inherited)",
				);
				GCC_WARN_64_TO_32_BIT_CONVERSION = YES;
				GCC_WARN_ABOUT_RETURN_TYPE = YES_ERROR;
				GCC_WARN_UNDECLARED_SELECTOR = YES;
				GCC_WARN_UNINITIALIZED_AUTOS = YES_AGGRESSIVE;
				GCC_WARN_UNUSED_FUNCTION = YES;
				GCC_WARN_UNUSED_VARIABLE = YES;
				IPHONEOS_DEPLOYMENT_TARGET = 17.5;
				LOCALIZATION_PREFERS_STRING_CATALOGS = YES;
				MTL_ENABLE_DEBUG_INFO = INCLUDE_SOURCE;
				MTL_FAST_MATH = YES;
				ONLY_ACTIVE_ARCH = YES;
				SDKROOT = iphoneos;
				SWIFT_ACTIVE_COMPILATION_CONDITIONS = "DEBUG $(inherited)";
				SWIFT_OPTIMIZATION_LEVEL = "-Onone";
			};
			name = Debug;
		};
		F4927E1D2CA5FE81009D1E46 /* Release */ = {
			isa = XCBuildConfiguration;
			buildSettings = {
				ALWAYS_SEARCH_USER_PATHS = NO;
				ASSETCATALOG_COMPILER_GENERATE_SWIFT_ASSET_SYMBOL_EXTENSIONS = YES;
				CLANG_ANALYZER_NONNULL = YES;
				CLANG_ANALYZER_NUMBER_OBJECT_CONVERSION = YES_AGGRESSIVE;
				CLANG_CXX_LANGUAGE_STANDARD = "gnu++20";
				CLANG_ENABLE_MODULES = YES;
				CLANG_ENABLE_OBJC_ARC = YES;
				CLANG_ENABLE_OBJC_WEAK = YES;
				CLANG_WARN_BLOCK_CAPTURE_AUTORELEASING = YES;
				CLANG_WARN_BOOL_CONVERSION = YES;
				CLANG_WARN_COMMA = YES;
				CLANG_WARN_CONSTANT_CONVERSION = YES;
				CLANG_WARN_DEPRECATED_OBJC_IMPLEMENTATIONS = YES;
				CLANG_WARN_DIRECT_OBJC_ISA_USAGE = YES_ERROR;
				CLANG_WARN_DOCUMENTATION_COMMENTS = YES;
				CLANG_WARN_EMPTY_BODY = YES;
				CLANG_WARN_ENUM_CONVERSION = YES;
				CLANG_WARN_INFINITE_RECURSION = YES;
				CLANG_WARN_INT_CONVERSION = YES;
				CLANG_WARN_NON_LITERAL_NULL_CONVERSION = YES;
				CLANG_WARN_OBJC_IMPLICIT_RETAIN_SELF = YES;
				CLANG_WARN_OBJC_LITERAL_CONVERSION = YES;
				CLANG_WARN_OBJC_ROOT_CLASS = YES_ERROR;
				CLANG_WARN_QUOTED_INCLUDE_IN_FRAMEWORK_HEADER = YES;
				CLANG_WARN_RANGE_LOOP_ANALYSIS = YES;
				CLANG_WARN_STRICT_PROTOTYPES = YES;
				CLANG_WARN_SUSPICIOUS_MOVE = YES;
				CLANG_WARN_UNGUARDED_AVAILABILITY = YES_AGGRESSIVE;
				CLANG_WARN_UNREACHABLE_CODE = YES;
				CLANG_WARN__DUPLICATE_METHOD_MATCH = YES;
				COPY_PHASE_STRIP = NO;
				DEBUG_INFORMATION_FORMAT = "dwarf-with-dsym";
				ENABLE_NS_ASSERTIONS = NO;
				ENABLE_STRICT_OBJC_MSGSEND = YES;
				ENABLE_USER_SCRIPT_SANDBOXING = YES;
				GCC_C_LANGUAGE_STANDARD = gnu17;
				GCC_NO_COMMON_BLOCKS = YES;
				GCC_WARN_64_TO_32_BIT_CONVERSION = YES;
				GCC_WARN_ABOUT_RETURN_TYPE = YES_ERROR;
				GCC_WARN_UNDECLARED_SELECTOR = YES;
				GCC_WARN_UNINITIALIZED_AUTOS = YES_AGGRESSIVE;
				GCC_WARN_UNUSED_FUNCTION = YES;
				GCC_WARN_UNUSED_VARIABLE = YES;
				IPHONEOS_DEPLOYMENT_TARGET = 17.5;
				LOCALIZATION_PREFERS_STRING_CATALOGS = YES;
				MTL_ENABLE_DEBUG_INFO = NO;
				MTL_FAST_MATH = YES;
				SDKROOT = iphoneos;
				SWIFT_COMPILATION_MODE = wholemodule;
				VALIDATE_PRODUCT = YES;
			};
			name = Release;
		};
		F4927E1F2CA5FE81009D1E46 /* Debug */ = {
			isa = XCBuildConfiguration;
			buildSettings = {
				ASSETCATALOG_COMPILER_APPICON_NAME = AppIcon;
				ASSETCATALOG_COMPILER_GLOBAL_ACCENT_COLOR_NAME = AccentColor;
				CODE_SIGN_STYLE = Automatic;
				CURRENT_PROJECT_VERSION = 1;
				DEVELOPMENT_TEAM = QHWQF7TL3L;
				GENERATE_INFOPLIST_FILE = YES;
				INFOPLIST_FILE = "banquemisr.challenge05.*/Info.plist";
				INFOPLIST_KEY_UIApplicationSupportsIndirectInputEvents = YES;
				INFOPLIST_KEY_UILaunchStoryboardName = LaunchScreen;
				INFOPLIST_KEY_UIMainStoryboardFile = Main;
				INFOPLIST_KEY_UISupportedInterfaceOrientations_iPad = "UIInterfaceOrientationPortrait UIInterfaceOrientationPortraitUpsideDown UIInterfaceOrientationLandscapeLeft UIInterfaceOrientationLandscapeRight";
				INFOPLIST_KEY_UISupportedInterfaceOrientations_iPhone = "UIInterfaceOrientationPortrait UIInterfaceOrientationLandscapeLeft UIInterfaceOrientationLandscapeRight";
				LD_RUNPATH_SEARCH_PATHS = (
					"$(inherited)",
					"@executable_path/Frameworks",
				);
				MARKETING_VERSION = 1.0;
				PRODUCT_BUNDLE_IDENTIFIER = "com.michael.banquemisr-challenge05--";
				PRODUCT_NAME = "$(TARGET_NAME)";
				SWIFT_EMIT_LOC_STRINGS = YES;
				SWIFT_VERSION = 5.0;
				TARGETED_DEVICE_FAMILY = "1,2";
			};
			name = Debug;
		};
		F4927E202CA5FE81009D1E46 /* Release */ = {
			isa = XCBuildConfiguration;
			buildSettings = {
				ASSETCATALOG_COMPILER_APPICON_NAME = AppIcon;
				ASSETCATALOG_COMPILER_GLOBAL_ACCENT_COLOR_NAME = AccentColor;
				CODE_SIGN_STYLE = Automatic;
				CURRENT_PROJECT_VERSION = 1;
				DEVELOPMENT_TEAM = QHWQF7TL3L;
				GENERATE_INFOPLIST_FILE = YES;
				INFOPLIST_FILE = "banquemisr.challenge05.*/Info.plist";
				INFOPLIST_KEY_UIApplicationSupportsIndirectInputEvents = YES;
				INFOPLIST_KEY_UILaunchStoryboardName = LaunchScreen;
				INFOPLIST_KEY_UIMainStoryboardFile = Main;
				INFOPLIST_KEY_UISupportedInterfaceOrientations_iPad = "UIInterfaceOrientationPortrait UIInterfaceOrientationPortraitUpsideDown UIInterfaceOrientationLandscapeLeft UIInterfaceOrientationLandscapeRight";
				INFOPLIST_KEY_UISupportedInterfaceOrientations_iPhone = "UIInterfaceOrientationPortrait UIInterfaceOrientationLandscapeLeft UIInterfaceOrientationLandscapeRight";
				LD_RUNPATH_SEARCH_PATHS = (
					"$(inherited)",
					"@executable_path/Frameworks",
				);
				MARKETING_VERSION = 1.0;
				PRODUCT_BUNDLE_IDENTIFIER = "com.michael.banquemisr-challenge05--";
				PRODUCT_NAME = "$(TARGET_NAME)";
				SWIFT_EMIT_LOC_STRINGS = YES;
				SWIFT_VERSION = 5.0;
				TARGETED_DEVICE_FAMILY = "1,2";
			};
			name = Release;
		};
		F4927E222CA5FE81009D1E46 /* Debug */ = {
			isa = XCBuildConfiguration;
			buildSettings = {
				ALWAYS_EMBED_SWIFT_STANDARD_LIBRARIES = YES;
				BUNDLE_LOADER = "$(TEST_HOST)";
				CODE_SIGN_STYLE = Automatic;
				CURRENT_PROJECT_VERSION = 1;
				GENERATE_INFOPLIST_FILE = YES;
				IPHONEOS_DEPLOYMENT_TARGET = 17.5;
				MARKETING_VERSION = 1.0;
				PRODUCT_BUNDLE_IDENTIFIER = "com.michael.banquemisr-challenge05--Tests";
				PRODUCT_NAME = "$(TARGET_NAME)";
				SWIFT_EMIT_LOC_STRINGS = NO;
				SWIFT_VERSION = 5.0;
				TARGETED_DEVICE_FAMILY = "1,2";
				TEST_HOST = "$(BUILT_PRODUCTS_DIR)/banquemisr.challenge05.*.app/$(BUNDLE_EXECUTABLE_FOLDER_PATH)/banquemisr.challenge05.*";
			};
			name = Debug;
		};
		F4927E232CA5FE81009D1E46 /* Release */ = {
			isa = XCBuildConfiguration;
			buildSettings = {
				ALWAYS_EMBED_SWIFT_STANDARD_LIBRARIES = YES;
				BUNDLE_LOADER = "$(TEST_HOST)";
				CODE_SIGN_STYLE = Automatic;
				CURRENT_PROJECT_VERSION = 1;
				GENERATE_INFOPLIST_FILE = YES;
				IPHONEOS_DEPLOYMENT_TARGET = 17.5;
				MARKETING_VERSION = 1.0;
				PRODUCT_BUNDLE_IDENTIFIER = "com.michael.banquemisr-challenge05--Tests";
				PRODUCT_NAME = "$(TARGET_NAME)";
				SWIFT_EMIT_LOC_STRINGS = NO;
				SWIFT_VERSION = 5.0;
				TARGETED_DEVICE_FAMILY = "1,2";
				TEST_HOST = "$(BUILT_PRODUCTS_DIR)/banquemisr.challenge05.*.app/$(BUNDLE_EXECUTABLE_FOLDER_PATH)/banquemisr.challenge05.*";
			};
			name = Release;
		};
		F4927E252CA5FE81009D1E46 /* Debug */ = {
			isa = XCBuildConfiguration;
			buildSettings = {
				ALWAYS_EMBED_SWIFT_STANDARD_LIBRARIES = YES;
				CODE_SIGN_STYLE = Automatic;
				CURRENT_PROJECT_VERSION = 1;
				GENERATE_INFOPLIST_FILE = YES;
				MARKETING_VERSION = 1.0;
				PRODUCT_BUNDLE_IDENTIFIER = "com.michael.banquemisr-challenge05--UITests";
				PRODUCT_NAME = "$(TARGET_NAME)";
				SWIFT_EMIT_LOC_STRINGS = NO;
				SWIFT_VERSION = 5.0;
				TARGETED_DEVICE_FAMILY = "1,2";
				TEST_TARGET_NAME = "banquemisr.challenge05.*";
			};
			name = Debug;
		};
		F4927E262CA5FE81009D1E46 /* Release */ = {
			isa = XCBuildConfiguration;
			buildSettings = {
				ALWAYS_EMBED_SWIFT_STANDARD_LIBRARIES = YES;
				CODE_SIGN_STYLE = Automatic;
				CURRENT_PROJECT_VERSION = 1;
				GENERATE_INFOPLIST_FILE = YES;
				MARKETING_VERSION = 1.0;
				PRODUCT_BUNDLE_IDENTIFIER = "com.michael.banquemisr-challenge05--UITests";
				PRODUCT_NAME = "$(TARGET_NAME)";
				SWIFT_EMIT_LOC_STRINGS = NO;
				SWIFT_VERSION = 5.0;
				TARGETED_DEVICE_FAMILY = "1,2";
				TEST_TARGET_NAME = "banquemisr.challenge05.*";
			};
			name = Release;
		};
/* End XCBuildConfiguration section */

/* Begin XCConfigurationList section */
		F4927DEC2CA5FE80009D1E46 /* Build configuration list for PBXProject "banquemisr.challenge05.*" */ = {
			isa = XCConfigurationList;
			buildConfigurations = (
				F4927E1C2CA5FE81009D1E46 /* Debug */,
				F4927E1D2CA5FE81009D1E46 /* Release */,
			);
			defaultConfigurationIsVisible = 0;
			defaultConfigurationName = Release;
		};
		F4927E1E2CA5FE81009D1E46 /* Build configuration list for PBXNativeTarget "banquemisr.challenge05.*" */ = {
			isa = XCConfigurationList;
			buildConfigurations = (
				F4927E1F2CA5FE81009D1E46 /* Debug */,
				F4927E202CA5FE81009D1E46 /* Release */,
			);
			defaultConfigurationIsVisible = 0;
			defaultConfigurationName = Release;
		};
		F4927E212CA5FE81009D1E46 /* Build configuration list for PBXNativeTarget "banquemisr.challenge05.*Tests" */ = {
			isa = XCConfigurationList;
			buildConfigurations = (
				F4927E222CA5FE81009D1E46 /* Debug */,
				F4927E232CA5FE81009D1E46 /* Release */,
			);
			defaultConfigurationIsVisible = 0;
			defaultConfigurationName = Release;
		};
		F4927E242CA5FE81009D1E46 /* Build configuration list for PBXNativeTarget "banquemisr.challenge05.*UITests" */ = {
			isa = XCConfigurationList;
			buildConfigurations = (
				F4927E252CA5FE81009D1E46 /* Debug */,
				F4927E262CA5FE81009D1E46 /* Release */,
			);
			defaultConfigurationIsVisible = 0;
			defaultConfigurationName = Release;
		};
/* End XCConfigurationList section */

/* Begin XCVersionGroup section */
		F4927DFD2CA5FE80009D1E46 /* banquemisr_challenge05__.xcdatamodeld */ = {
			isa = XCVersionGroup;
			children = (
				F4927DFE2CA5FE80009D1E46 /* banquemisr_challenge05__.xcdatamodel */,
			);
			currentVersion = F4927DFE2CA5FE80009D1E46 /* banquemisr_challenge05__.xcdatamodel */;
			path = banquemisr_challenge05__.xcdatamodeld;
			sourceTree = "<group>";
			versionGroupType = wrapper.xcdatamodel;
		};
/* End XCVersionGroup section */
	};
	rootObject = F4927DE92CA5FE80009D1E46 /* Project object */;
}
